// !$*UTF8*$!
{
	archiveVersion = 1;
	classes = {
	};
	objectVersion = 46;
	objects = {

/* Begin PBXBuildFile section */
		332635151DBBEA3800CD96AE /* User.plist in Resources */ = {isa = PBXBuildFile; fileRef = 332635141DBBEA3800CD96AE /* User.plist */; };
		332635171DBC09BC00CD96AE /* TimelinesUIColor.swift in Sources */ = {isa = PBXBuildFile; fileRef = 332635161DBC09BB00CD96AE /* TimelinesUIColor.swift */; };
		333FC1231DB65D64006A45D2 /* Response.swift in Sources */ = {isa = PBXBuildFile; fileRef = 333FC1221DB65D63006A45D2 /* Response.swift */; };
		33A182C41DAD3F2B00D9DC53 /* LoginViewController.swift in Sources */ = {isa = PBXBuildFile; fileRef = 33A182C31DAD3F2B00D9DC53 /* LoginViewController.swift */; };
		33A182C61DAD40E800D9DC53 /* UserStore.swift in Sources */ = {isa = PBXBuildFile; fileRef = 33A182C51DAD40E800D9DC53 /* UserStore.swift */; };
		33A182C81DB00B6600D9DC53 /* Timeblock.swift in Sources */ = {isa = PBXBuildFile; fileRef = 33A182C71DB00B6600D9DC53 /* Timeblock.swift */; };
		33A182CA1DB0198000D9DC53 /* EventInfoViewController.swift in Sources */ = {isa = PBXBuildFile; fileRef = 33A182C91DB0198000D9DC53 /* EventInfoViewController.swift */; };
		652792E21DAC1291006BC707 /* Main.storyboard in Resources */ = {isa = PBXBuildFile; fileRef = 652792E01DAC1291006BC707 /* Main.storyboard */; };
		652792E41DAC1291006BC707 /* Assets.xcassets in Resources */ = {isa = PBXBuildFile; fileRef = 652792E31DAC1291006BC707 /* Assets.xcassets */; };
		652792E71DAC1291006BC707 /* LaunchScreen.storyboard in Resources */ = {isa = PBXBuildFile; fileRef = 652792E51DAC1291006BC707 /* LaunchScreen.storyboard */; };
		652792F21DAC1291006BC707 /* TimelinesTests.swift in Sources */ = {isa = PBXBuildFile; fileRef = 652792F11DAC1291006BC707 /* TimelinesTests.swift */; };
		652792FD1DAC1291006BC707 /* TimelinesUITests.swift in Sources */ = {isa = PBXBuildFile; fileRef = 652792FC1DAC1291006BC707 /* TimelinesUITests.swift */; };
		652793131DAC1324006BC707 /* JSONKeys.swift in Sources */ = {isa = PBXBuildFile; fileRef = 6527930B1DAC1324006BC707 /* JSONKeys.swift */; };
		652793141DAC1324006BC707 /* JSONTools.swift in Sources */ = {isa = PBXBuildFile; fileRef = 6527930C1DAC1324006BC707 /* JSONTools.swift */; };
		652793171DAC1324006BC707 /* Request.swift in Sources */ = {isa = PBXBuildFile; fileRef = 6527930F1DAC1324006BC707 /* Request.swift */; };
		652793181DAC1324006BC707 /* User.swift in Sources */ = {isa = PBXBuildFile; fileRef = 652793101DAC1324006BC707 /* User.swift */; };
		652793231DAC132A006BC707 /* API.swift in Sources */ = {isa = PBXBuildFile; fileRef = 6527931A1DAC132A006BC707 /* API.swift */; };
		652793241DAC132A006BC707 /* AppDelegate.swift in Sources */ = {isa = PBXBuildFile; fileRef = 6527931B1DAC132A006BC707 /* AppDelegate.swift */; };
		6527932C1DAC13AE006BC707 /* LoginAPITests.swift in Sources */ = {isa = PBXBuildFile; fileRef = 652793291DAC13AE006BC707 /* LoginAPITests.swift */; };
		6527932D1DAC13AE006BC707 /* RequestTests.swift in Sources */ = {isa = PBXBuildFile; fileRef = 6527932A1DAC13AE006BC707 /* RequestTests.swift */; };
		6527932E1DAC13AE006BC707 /* UserTests.swift in Sources */ = {isa = PBXBuildFile; fileRef = 6527932B1DAC13AE006BC707 /* UserTests.swift */; };
		652793301DAC14FE006BC707 /* Event.swift in Sources */ = {isa = PBXBuildFile; fileRef = 6527932F1DAC14FE006BC707 /* Event.swift */; };
		652793321DAC1697006BC707 /* EventTests.swift in Sources */ = {isa = PBXBuildFile; fileRef = 652793311DAC1697006BC707 /* EventTests.swift */; };
		65482F991DAFC35C00CE5C04 /* PendingRequestsViewController.swift in Sources */ = {isa = PBXBuildFile; fileRef = 65482F981DAFC35C00CE5C04 /* PendingRequestsViewController.swift */; };
		65482F9B1DAFD6C000CE5C04 /* EventsViewController.swift in Sources */ = {isa = PBXBuildFile; fileRef = 65482F9A1DAFD6C000CE5C04 /* EventsViewController.swift */; };
		65482F9D1DAFD7DE00CE5C04 /* TimeblockStore.swift in Sources */ = {isa = PBXBuildFile; fileRef = 65482F9C1DAFD7DE00CE5C04 /* TimeblockStore.swift */; };
		6592CAA41DAE7797003E7100 /* AlertView.swift in Sources */ = {isa = PBXBuildFile; fileRef = 6592CAA31DAE7797003E7100 /* AlertView.swift */; };
		65AE15351DB0DF1000E89DFF /* APITests.swift in Sources */ = {isa = PBXBuildFile; fileRef = 65AE15341DB0DF1000E89DFF /* APITests.swift */; };
		65AE15381DB12EFC00E89DFF /* JSONKeysTests.swift in Sources */ = {isa = PBXBuildFile; fileRef = 65AE15361DB12EAA00E89DFF /* JSONKeysTests.swift */; };
		65F695261DAE84BE0048BFCF /* RegisterViewController.swift in Sources */ = {isa = PBXBuildFile; fileRef = 65F695251DAE84BE0048BFCF /* RegisterViewController.swift */; };
		746114521DAE895700DF170B /* NewEventViewController.swift in Sources */ = {isa = PBXBuildFile; fileRef = 746114511DAE895700DF170B /* NewEventViewController.swift */; };
		746114541DAE898000DF170B /* TableViewCells.swift in Sources */ = {isa = PBXBuildFile; fileRef = 746114531DAE898000DF170B /* TableViewCells.swift */; };
		746114561DAE8C3700DF170B /* DateTools.swift in Sources */ = {isa = PBXBuildFile; fileRef = 746114551DAE8C3700DF170B /* DateTools.swift */; };
		74B056291DB5185400A5F1C7 /* MergeTimelinesViewController.swift in Sources */ = {isa = PBXBuildFile; fileRef = 74B056281DB5185400A5F1C7 /* MergeTimelinesViewController.swift */; };
/* End PBXBuildFile section */

/* Begin PBXContainerItemProxy section */
		652792EE1DAC1291006BC707 /* PBXContainerItemProxy */ = {
			isa = PBXContainerItemProxy;
			containerPortal = 652792D11DAC1291006BC707 /* Project object */;
			proxyType = 1;
			remoteGlobalIDString = 652792D81DAC1291006BC707;
			remoteInfo = Timelines;
		};
		652792F91DAC1291006BC707 /* PBXContainerItemProxy */ = {
			isa = PBXContainerItemProxy;
			containerPortal = 652792D11DAC1291006BC707 /* Project object */;
			proxyType = 1;
			remoteGlobalIDString = 652792D81DAC1291006BC707;
			remoteInfo = Timelines;
		};
/* End PBXContainerItemProxy section */

/* Begin PBXFileReference section */
		332635141DBBEA3800CD96AE /* User.plist */ = {isa = PBXFileReference; fileEncoding = 4; lastKnownFileType = text.plist.xml; path = User.plist; sourceTree = "<group>"; };
		332635161DBC09BB00CD96AE /* TimelinesUIColor.swift */ = {isa = PBXFileReference; fileEncoding = 4; lastKnownFileType = sourcecode.swift; path = TimelinesUIColor.swift; sourceTree = "<group>"; };
		333FC1221DB65D63006A45D2 /* Response.swift */ = {isa = PBXFileReference; fileEncoding = 4; lastKnownFileType = sourcecode.swift; path = Response.swift; sourceTree = "<group>"; };
		33A182C31DAD3F2B00D9DC53 /* LoginViewController.swift */ = {isa = PBXFileReference; fileEncoding = 4; lastKnownFileType = sourcecode.swift; path = LoginViewController.swift; sourceTree = "<group>"; };
		33A182C51DAD40E800D9DC53 /* UserStore.swift */ = {isa = PBXFileReference; fileEncoding = 4; lastKnownFileType = sourcecode.swift; path = UserStore.swift; sourceTree = "<group>"; };
		33A182C71DB00B6600D9DC53 /* Timeblock.swift */ = {isa = PBXFileReference; fileEncoding = 4; lastKnownFileType = sourcecode.swift; path = Timeblock.swift; sourceTree = "<group>"; };
		33A182C91DB0198000D9DC53 /* EventInfoViewController.swift */ = {isa = PBXFileReference; fileEncoding = 4; lastKnownFileType = sourcecode.swift; path = EventInfoViewController.swift; sourceTree = "<group>"; };
		652792D91DAC1291006BC707 /* Timelines.app */ = {isa = PBXFileReference; explicitFileType = wrapper.application; includeInIndex = 0; path = Timelines.app; sourceTree = BUILT_PRODUCTS_DIR; };
		652792E11DAC1291006BC707 /* Base */ = {isa = PBXFileReference; lastKnownFileType = file.storyboard; name = Base; path = Base.lproj/Main.storyboard; sourceTree = "<group>"; };
		652792E31DAC1291006BC707 /* Assets.xcassets */ = {isa = PBXFileReference; lastKnownFileType = folder.assetcatalog; path = Assets.xcassets; sourceTree = "<group>"; };
		652792E61DAC1291006BC707 /* Base */ = {isa = PBXFileReference; lastKnownFileType = file.storyboard; name = Base; path = Base.lproj/LaunchScreen.storyboard; sourceTree = "<group>"; };
		652792E81DAC1291006BC707 /* Info.plist */ = {isa = PBXFileReference; lastKnownFileType = text.plist.xml; path = Info.plist; sourceTree = "<group>"; };
		652792ED1DAC1291006BC707 /* TimelinesTests.xctest */ = {isa = PBXFileReference; explicitFileType = wrapper.cfbundle; includeInIndex = 0; path = TimelinesTests.xctest; sourceTree = BUILT_PRODUCTS_DIR; };
		652792F11DAC1291006BC707 /* TimelinesTests.swift */ = {isa = PBXFileReference; lastKnownFileType = sourcecode.swift; path = TimelinesTests.swift; sourceTree = "<group>"; };
		652792F31DAC1291006BC707 /* Info.plist */ = {isa = PBXFileReference; lastKnownFileType = text.plist.xml; path = Info.plist; sourceTree = "<group>"; };
		652792F81DAC1291006BC707 /* TimelinesUITests.xctest */ = {isa = PBXFileReference; explicitFileType = wrapper.cfbundle; includeInIndex = 0; path = TimelinesUITests.xctest; sourceTree = BUILT_PRODUCTS_DIR; };
		652792FC1DAC1291006BC707 /* TimelinesUITests.swift */ = {isa = PBXFileReference; lastKnownFileType = sourcecode.swift; path = TimelinesUITests.swift; sourceTree = "<group>"; };
		652792FE1DAC1291006BC707 /* Info.plist */ = {isa = PBXFileReference; lastKnownFileType = text.plist.xml; path = Info.plist; sourceTree = "<group>"; };
		6527930B1DAC1324006BC707 /* JSONKeys.swift */ = {isa = PBXFileReference; fileEncoding = 4; lastKnownFileType = sourcecode.swift; path = JSONKeys.swift; sourceTree = "<group>"; };
		6527930C1DAC1324006BC707 /* JSONTools.swift */ = {isa = PBXFileReference; fileEncoding = 4; lastKnownFileType = sourcecode.swift; path = JSONTools.swift; sourceTree = "<group>"; };
		6527930F1DAC1324006BC707 /* Request.swift */ = {isa = PBXFileReference; fileEncoding = 4; lastKnownFileType = sourcecode.swift; path = Request.swift; sourceTree = "<group>"; };
		652793101DAC1324006BC707 /* User.swift */ = {isa = PBXFileReference; fileEncoding = 4; lastKnownFileType = sourcecode.swift; path = User.swift; sourceTree = "<group>"; };
		6527931A1DAC132A006BC707 /* API.swift */ = {isa = PBXFileReference; fileEncoding = 4; lastKnownFileType = sourcecode.swift; path = API.swift; sourceTree = "<group>"; };
		6527931B1DAC132A006BC707 /* AppDelegate.swift */ = {isa = PBXFileReference; fileEncoding = 4; lastKnownFileType = sourcecode.swift; path = AppDelegate.swift; sourceTree = "<group>"; };
		652793291DAC13AE006BC707 /* LoginAPITests.swift */ = {isa = PBXFileReference; fileEncoding = 4; lastKnownFileType = sourcecode.swift; path = LoginAPITests.swift; sourceTree = "<group>"; };
		6527932A1DAC13AE006BC707 /* RequestTests.swift */ = {isa = PBXFileReference; fileEncoding = 4; lastKnownFileType = sourcecode.swift; path = RequestTests.swift; sourceTree = "<group>"; };
		6527932B1DAC13AE006BC707 /* UserTests.swift */ = {isa = PBXFileReference; fileEncoding = 4; lastKnownFileType = sourcecode.swift; path = UserTests.swift; sourceTree = "<group>"; };
		6527932F1DAC14FE006BC707 /* Event.swift */ = {isa = PBXFileReference; fileEncoding = 4; lastKnownFileType = sourcecode.swift; path = Event.swift; sourceTree = "<group>"; };
		652793311DAC1697006BC707 /* EventTests.swift */ = {isa = PBXFileReference; fileEncoding = 4; lastKnownFileType = sourcecode.swift; path = EventTests.swift; sourceTree = "<group>"; };
		65482F981DAFC35C00CE5C04 /* PendingRequestsViewController.swift */ = {isa = PBXFileReference; fileEncoding = 4; lastKnownFileType = sourcecode.swift; path = PendingRequestsViewController.swift; sourceTree = "<group>"; };
		65482F9A1DAFD6C000CE5C04 /* EventsViewController.swift */ = {isa = PBXFileReference; fileEncoding = 4; lastKnownFileType = sourcecode.swift; path = EventsViewController.swift; sourceTree = "<group>"; };
		65482F9C1DAFD7DE00CE5C04 /* TimeblockStore.swift */ = {isa = PBXFileReference; fileEncoding = 4; lastKnownFileType = sourcecode.swift; path = TimeblockStore.swift; sourceTree = "<group>"; };
		6592CAA31DAE7797003E7100 /* AlertView.swift */ = {isa = PBXFileReference; fileEncoding = 4; lastKnownFileType = sourcecode.swift; path = AlertView.swift; sourceTree = "<group>"; };
		65AE15341DB0DF1000E89DFF /* APITests.swift */ = {isa = PBXFileReference; fileEncoding = 4; lastKnownFileType = sourcecode.swift; path = APITests.swift; sourceTree = "<group>"; };
		65AE15361DB12EAA00E89DFF /* JSONKeysTests.swift */ = {isa = PBXFileReference; fileEncoding = 4; lastKnownFileType = sourcecode.swift; name = JSONKeysTests.swift; path = ../JSONKeysTests.swift; sourceTree = "<group>"; };
		65F695251DAE84BE0048BFCF /* RegisterViewController.swift */ = {isa = PBXFileReference; fileEncoding = 4; lastKnownFileType = sourcecode.swift; path = RegisterViewController.swift; sourceTree = "<group>"; };
		746114511DAE895700DF170B /* NewEventViewController.swift */ = {isa = PBXFileReference; fileEncoding = 4; lastKnownFileType = sourcecode.swift; path = NewEventViewController.swift; sourceTree = "<group>"; };
		746114531DAE898000DF170B /* TableViewCells.swift */ = {isa = PBXFileReference; fileEncoding = 4; lastKnownFileType = sourcecode.swift; path = TableViewCells.swift; sourceTree = "<group>"; };
		746114551DAE8C3700DF170B /* DateTools.swift */ = {isa = PBXFileReference; fileEncoding = 4; lastKnownFileType = sourcecode.swift; path = DateTools.swift; sourceTree = "<group>"; };
		74B056281DB5185400A5F1C7 /* MergeTimelinesViewController.swift */ = {isa = PBXFileReference; fileEncoding = 4; lastKnownFileType = sourcecode.swift; path = MergeTimelinesViewController.swift; sourceTree = "<group>"; };
/* End PBXFileReference section */

/* Begin PBXFrameworksBuildPhase section */
		652792D61DAC1291006BC707 /* Frameworks */ = {
			isa = PBXFrameworksBuildPhase;
			buildActionMask = 2147483647;
			files = (
			);
			runOnlyForDeploymentPostprocessing = 0;
		};
		652792EA1DAC1291006BC707 /* Frameworks */ = {
			isa = PBXFrameworksBuildPhase;
			buildActionMask = 2147483647;
			files = (
			);
			runOnlyForDeploymentPostprocessing = 0;
		};
		652792F51DAC1291006BC707 /* Frameworks */ = {
			isa = PBXFrameworksBuildPhase;
			buildActionMask = 2147483647;
			files = (
			);
			runOnlyForDeploymentPostprocessing = 0;
		};
/* End PBXFrameworksBuildPhase section */

/* Begin PBXGroup section */
		652792D01DAC1291006BC707 = {
			isa = PBXGroup;
			children = (
				652792DB1DAC1291006BC707 /* Timelines */,
				652792F01DAC1291006BC707 /* TimelinesTests */,
				652792FB1DAC1291006BC707 /* TimelinesUITests */,
				652792DA1DAC1291006BC707 /* Products */,
			);
			sourceTree = "<group>";
		};
		652792DA1DAC1291006BC707 /* Products */ = {
			isa = PBXGroup;
			children = (
				652792D91DAC1291006BC707 /* Timelines.app */,
				652792ED1DAC1291006BC707 /* TimelinesTests.xctest */,
				652792F81DAC1291006BC707 /* TimelinesUITests.xctest */,
			);
			name = Products;
			sourceTree = "<group>";
		};
		652792DB1DAC1291006BC707 /* Timelines */ = {
			isa = PBXGroup;
			children = (
				6527931A1DAC132A006BC707 /* API.swift */,
				6527931B1DAC132A006BC707 /* AppDelegate.swift */,
				6527930B1DAC1324006BC707 /* JSONKeys.swift */,
				6527930C1DAC1324006BC707 /* JSONTools.swift */,
				6527930F1DAC1324006BC707 /* Request.swift */,
				333FC1221DB65D63006A45D2 /* Response.swift */,
				652793101DAC1324006BC707 /* User.swift */,
				6527932F1DAC14FE006BC707 /* Event.swift */,
				65482F9C1DAFD7DE00CE5C04 /* TimeblockStore.swift */,
				652792E01DAC1291006BC707 /* Main.storyboard */,
				65482F981DAFC35C00CE5C04 /* PendingRequestsViewController.swift */,
				652792E31DAC1291006BC707 /* Assets.xcassets */,
				652792E51DAC1291006BC707 /* LaunchScreen.storyboard */,
				652792E81DAC1291006BC707 /* Info.plist */,
				33A182C31DAD3F2B00D9DC53 /* LoginViewController.swift */,
				65F695251DAE84BE0048BFCF /* RegisterViewController.swift */,
				33A182C51DAD40E800D9DC53 /* UserStore.swift */,
				6592CAA31DAE7797003E7100 /* AlertView.swift */,
				746114511DAE895700DF170B /* NewEventViewController.swift */,
				746114531DAE898000DF170B /* TableViewCells.swift */,
				746114551DAE8C3700DF170B /* DateTools.swift */,
				65482F9A1DAFD6C000CE5C04 /* EventsViewController.swift */,
				33A182C71DB00B6600D9DC53 /* Timeblock.swift */,
				33A182C91DB0198000D9DC53 /* EventInfoViewController.swift */,
				332635141DBBEA3800CD96AE /* User.plist */,
				74B056281DB5185400A5F1C7 /* MergeTimelinesViewController.swift */,
				332635161DBC09BB00CD96AE /* TimelinesUIColor.swift */,
			);
			path = Timelines;
			sourceTree = "<group>";
		};
		652792F01DAC1291006BC707 /* TimelinesTests */ = {
			isa = PBXGroup;
			children = (
				652792F11DAC1291006BC707 /* TimelinesTests.swift */,
				652793291DAC13AE006BC707 /* LoginAPITests.swift */,
				6527932A1DAC13AE006BC707 /* RequestTests.swift */,
				6527932B1DAC13AE006BC707 /* UserTests.swift */,
				652792F31DAC1291006BC707 /* Info.plist */,
				652793311DAC1697006BC707 /* EventTests.swift */,
				65AE15341DB0DF1000E89DFF /* APITests.swift */,
				65AE15361DB12EAA00E89DFF /* JSONKeysTests.swift */,
			);
			path = TimelinesTests;
			sourceTree = "<group>";
		};
		652792FB1DAC1291006BC707 /* TimelinesUITests */ = {
			isa = PBXGroup;
			children = (
				652792FC1DAC1291006BC707 /* TimelinesUITests.swift */,
				652792FE1DAC1291006BC707 /* Info.plist */,
			);
			path = TimelinesUITests;
			sourceTree = "<group>";
		};
/* End PBXGroup section */

/* Begin PBXNativeTarget section */
		652792D81DAC1291006BC707 /* Timelines */ = {
			isa = PBXNativeTarget;
			buildConfigurationList = 652793011DAC1291006BC707 /* Build configuration list for PBXNativeTarget "Timelines" */;
			buildPhases = (
				652792D51DAC1291006BC707 /* Sources */,
				652792D61DAC1291006BC707 /* Frameworks */,
				652792D71DAC1291006BC707 /* Resources */,
			);
			buildRules = (
			);
			dependencies = (
			);
			name = Timelines;
			productName = Timelines;
			productReference = 652792D91DAC1291006BC707 /* Timelines.app */;
			productType = "com.apple.product-type.application";
		};
		652792EC1DAC1291006BC707 /* TimelinesTests */ = {
			isa = PBXNativeTarget;
			buildConfigurationList = 652793041DAC1291006BC707 /* Build configuration list for PBXNativeTarget "TimelinesTests" */;
			buildPhases = (
				652792E91DAC1291006BC707 /* Sources */,
				652792EA1DAC1291006BC707 /* Frameworks */,
				652792EB1DAC1291006BC707 /* Resources */,
			);
			buildRules = (
			);
			dependencies = (
				652792EF1DAC1291006BC707 /* PBXTargetDependency */,
			);
			name = TimelinesTests;
			productName = TimelinesTests;
			productReference = 652792ED1DAC1291006BC707 /* TimelinesTests.xctest */;
			productType = "com.apple.product-type.bundle.unit-test";
		};
		652792F71DAC1291006BC707 /* TimelinesUITests */ = {
			isa = PBXNativeTarget;
			buildConfigurationList = 652793071DAC1291006BC707 /* Build configuration list for PBXNativeTarget "TimelinesUITests" */;
			buildPhases = (
				652792F41DAC1291006BC707 /* Sources */,
				652792F51DAC1291006BC707 /* Frameworks */,
				652792F61DAC1291006BC707 /* Resources */,
			);
			buildRules = (
			);
			dependencies = (
				652792FA1DAC1291006BC707 /* PBXTargetDependency */,
			);
			name = TimelinesUITests;
			productName = TimelinesUITests;
			productReference = 652792F81DAC1291006BC707 /* TimelinesUITests.xctest */;
			productType = "com.apple.product-type.bundle.ui-testing";
		};
/* End PBXNativeTarget section */

/* Begin PBXProject section */
		652792D11DAC1291006BC707 /* Project object */ = {
			isa = PBXProject;
			attributes = {
				LastSwiftUpdateCheck = 0800;
				LastUpgradeCheck = 0800;
				ORGANIZATIONNAME = Arcore;
				TargetAttributes = {
					652792D81DAC1291006BC707 = {
						CreatedOnToolsVersion = 8.0;
						DevelopmentTeam = QPX29C6Z92;
						ProvisioningStyle = Automatic;
					};
					652792EC1DAC1291006BC707 = {
						CreatedOnToolsVersion = 8.0;
						DevelopmentTeam = 3YHJ3C68N2;
						ProvisioningStyle = Automatic;
						TestTargetID = 652792D81DAC1291006BC707;
					};
					652792F71DAC1291006BC707 = {
						CreatedOnToolsVersion = 8.0;
						DevelopmentTeam = 3YHJ3C68N2;
						ProvisioningStyle = Automatic;
						TestTargetID = 652792D81DAC1291006BC707;
					};
				};
			};
			buildConfigurationList = 652792D41DAC1291006BC707 /* Build configuration list for PBXProject "Timelines" */;
			compatibilityVersion = "Xcode 3.2";
			developmentRegion = English;
			hasScannedForEncodings = 0;
			knownRegions = (
				en,
				Base,
			);
			mainGroup = 652792D01DAC1291006BC707;
			productRefGroup = 652792DA1DAC1291006BC707 /* Products */;
			projectDirPath = "";
			projectRoot = "";
			targets = (
				652792D81DAC1291006BC707 /* Timelines */,
				652792EC1DAC1291006BC707 /* TimelinesTests */,
				652792F71DAC1291006BC707 /* TimelinesUITests */,
			);
		};
/* End PBXProject section */

/* Begin PBXResourcesBuildPhase section */
		652792D71DAC1291006BC707 /* Resources */ = {
			isa = PBXResourcesBuildPhase;
			buildActionMask = 2147483647;
			files = (
				652792E71DAC1291006BC707 /* LaunchScreen.storyboard in Resources */,
				652792E41DAC1291006BC707 /* Assets.xcassets in Resources */,
				652792E21DAC1291006BC707 /* Main.storyboard in Resources */,
				332635151DBBEA3800CD96AE /* User.plist in Resources */,
			);
			runOnlyForDeploymentPostprocessing = 0;
		};
		652792EB1DAC1291006BC707 /* Resources */ = {
			isa = PBXResourcesBuildPhase;
			buildActionMask = 2147483647;
			files = (
			);
			runOnlyForDeploymentPostprocessing = 0;
		};
		652792F61DAC1291006BC707 /* Resources */ = {
			isa = PBXResourcesBuildPhase;
			buildActionMask = 2147483647;
			files = (
			);
			runOnlyForDeploymentPostprocessing = 0;
		};
/* End PBXResourcesBuildPhase section */

/* Begin PBXSourcesBuildPhase section */
		652792D51DAC1291006BC707 /* Sources */ = {
			isa = PBXSourcesBuildPhase;
			buildActionMask = 2147483647;
			files = (
				33A182C41DAD3F2B00D9DC53 /* LoginViewController.swift in Sources */,
				652793241DAC132A006BC707 /* AppDelegate.swift in Sources */,
				65482F9B1DAFD6C000CE5C04 /* EventsViewController.swift in Sources */,
				33A182CA1DB0198000D9DC53 /* EventInfoViewController.swift in Sources */,
				746114521DAE895700DF170B /* NewEventViewController.swift in Sources */,
				652793301DAC14FE006BC707 /* Event.swift in Sources */,
				74B056291DB5185400A5F1C7 /* MergeTimelinesViewController.swift in Sources */,
				652793141DAC1324006BC707 /* JSONTools.swift in Sources */,
				746114541DAE898000DF170B /* TableViewCells.swift in Sources */,
				65F695261DAE84BE0048BFCF /* RegisterViewController.swift in Sources */,
				332635171DBC09BC00CD96AE /* TimelinesUIColor.swift in Sources */,
				652793231DAC132A006BC707 /* API.swift in Sources */,
				746114561DAE8C3700DF170B /* DateTools.swift in Sources */,
				6592CAA41DAE7797003E7100 /* AlertView.swift in Sources */,
				652793181DAC1324006BC707 /* User.swift in Sources */,
				33A182C81DB00B6600D9DC53 /* Timeblock.swift in Sources */,
				65482F991DAFC35C00CE5C04 /* PendingRequestsViewController.swift in Sources */,
				65482F9D1DAFD7DE00CE5C04 /* TimeblockStore.swift in Sources */,
				652793171DAC1324006BC707 /* Request.swift in Sources */,
				652793131DAC1324006BC707 /* JSONKeys.swift in Sources */,
				33A182C61DAD40E800D9DC53 /* UserStore.swift in Sources */,
				333FC1231DB65D64006A45D2 /* Response.swift in Sources */,
			);
			runOnlyForDeploymentPostprocessing = 0;
		};
		652792E91DAC1291006BC707 /* Sources */ = {
			isa = PBXSourcesBuildPhase;
			buildActionMask = 2147483647;
			files = (
				6527932E1DAC13AE006BC707 /* UserTests.swift in Sources */,
				6527932D1DAC13AE006BC707 /* RequestTests.swift in Sources */,
				65AE15351DB0DF1000E89DFF /* APITests.swift in Sources */,
				652793321DAC1697006BC707 /* EventTests.swift in Sources */,
				6527932C1DAC13AE006BC707 /* LoginAPITests.swift in Sources */,
				65AE15381DB12EFC00E89DFF /* JSONKeysTests.swift in Sources */,
				652792F21DAC1291006BC707 /* TimelinesTests.swift in Sources */,
			);
			runOnlyForDeploymentPostprocessing = 0;
		};
		652792F41DAC1291006BC707 /* Sources */ = {
			isa = PBXSourcesBuildPhase;
			buildActionMask = 2147483647;
			files = (
				652792FD1DAC1291006BC707 /* TimelinesUITests.swift in Sources */,
			);
			runOnlyForDeploymentPostprocessing = 0;
		};
/* End PBXSourcesBuildPhase section */

/* Begin PBXTargetDependency section */
		652792EF1DAC1291006BC707 /* PBXTargetDependency */ = {
			isa = PBXTargetDependency;
			target = 652792D81DAC1291006BC707 /* Timelines */;
			targetProxy = 652792EE1DAC1291006BC707 /* PBXContainerItemProxy */;
		};
		652792FA1DAC1291006BC707 /* PBXTargetDependency */ = {
			isa = PBXTargetDependency;
			target = 652792D81DAC1291006BC707 /* Timelines */;
			targetProxy = 652792F91DAC1291006BC707 /* PBXContainerItemProxy */;
		};
/* End PBXTargetDependency section */

/* Begin PBXVariantGroup section */
		652792E01DAC1291006BC707 /* Main.storyboard */ = {
			isa = PBXVariantGroup;
			children = (
				652792E11DAC1291006BC707 /* Base */,
			);
			name = Main.storyboard;
			sourceTree = "<group>";
		};
		652792E51DAC1291006BC707 /* LaunchScreen.storyboard */ = {
			isa = PBXVariantGroup;
			children = (
				652792E61DAC1291006BC707 /* Base */,
			);
			name = LaunchScreen.storyboard;
			sourceTree = "<group>";
		};
/* End PBXVariantGroup section */

/* Begin XCBuildConfiguration section */
		652792FF1DAC1291006BC707 /* Debug */ = {
			isa = XCBuildConfiguration;
			buildSettings = {
				ALWAYS_SEARCH_USER_PATHS = NO;
				CLANG_ANALYZER_NONNULL = YES;
				CLANG_CXX_LANGUAGE_STANDARD = "gnu++0x";
				CLANG_CXX_LIBRARY = "libc++";
				CLANG_ENABLE_MODULES = YES;
				CLANG_ENABLE_OBJC_ARC = YES;
				CLANG_WARN_BOOL_CONVERSION = YES;
				CLANG_WARN_CONSTANT_CONVERSION = YES;
				CLANG_WARN_DIRECT_OBJC_ISA_USAGE = YES_ERROR;
				CLANG_WARN_DOCUMENTATION_COMMENTS = YES;
				CLANG_WARN_EMPTY_BODY = YES;
				CLANG_WARN_ENUM_CONVERSION = YES;
				CLANG_WARN_INFINITE_RECURSION = YES;
				CLANG_WARN_INT_CONVERSION = YES;
				CLANG_WARN_OBJC_ROOT_CLASS = YES_ERROR;
				CLANG_WARN_SUSPICIOUS_MOVES = YES;
				CLANG_WARN_UNREACHABLE_CODE = YES;
				CLANG_WARN__DUPLICATE_METHOD_MATCH = YES;
				"CODE_SIGN_IDENTITY[sdk=iphoneos*]" = "iPhone Developer";
				COPY_PHASE_STRIP = NO;
				DEBUG_INFORMATION_FORMAT = dwarf;
				ENABLE_STRICT_OBJC_MSGSEND = YES;
				ENABLE_TESTABILITY = YES;
				GCC_C_LANGUAGE_STANDARD = gnu99;
				GCC_DYNAMIC_NO_PIC = NO;
				GCC_NO_COMMON_BLOCKS = YES;
				GCC_OPTIMIZATION_LEVEL = 0;
				GCC_PREPROCESSOR_DEFINITIONS = (
					"DEBUG=1",
					"$(inherited)",
				);
				GCC_WARN_64_TO_32_BIT_CONVERSION = YES;
				GCC_WARN_ABOUT_RETURN_TYPE = YES_ERROR;
				GCC_WARN_UNDECLARED_SELECTOR = YES;
				GCC_WARN_UNINITIALIZED_AUTOS = YES_AGGRESSIVE;
				GCC_WARN_UNUSED_FUNCTION = YES;
				GCC_WARN_UNUSED_VARIABLE = YES;
				IPHONEOS_DEPLOYMENT_TARGET = 10.0;
				MTL_ENABLE_DEBUG_INFO = YES;
				ONLY_ACTIVE_ARCH = YES;
				SDKROOT = iphoneos;
				SWIFT_ACTIVE_COMPILATION_CONDITIONS = DEBUG;
				SWIFT_OPTIMIZATION_LEVEL = "-Onone";
			};
			name = Debug;
		};
		652793001DAC1291006BC707 /* Release */ = {
			isa = XCBuildConfiguration;
			buildSettings = {
				ALWAYS_SEARCH_USER_PATHS = NO;
				CLANG_ANALYZER_NONNULL = YES;
				CLANG_CXX_LANGUAGE_STANDARD = "gnu++0x";
				CLANG_CXX_LIBRARY = "libc++";
				CLANG_ENABLE_MODULES = YES;
				CLANG_ENABLE_OBJC_ARC = YES;
				CLANG_WARN_BOOL_CONVERSION = YES;
				CLANG_WARN_CONSTANT_CONVERSION = YES;
				CLANG_WARN_DIRECT_OBJC_ISA_USAGE = YES_ERROR;
				CLANG_WARN_DOCUMENTATION_COMMENTS = YES;
				CLANG_WARN_EMPTY_BODY = YES;
				CLANG_WARN_ENUM_CONVERSION = YES;
				CLANG_WARN_INFINITE_RECURSION = YES;
				CLANG_WARN_INT_CONVERSION = YES;
				CLANG_WARN_OBJC_ROOT_CLASS = YES_ERROR;
				CLANG_WARN_SUSPICIOUS_MOVES = YES;
				CLANG_WARN_UNREACHABLE_CODE = YES;
				CLANG_WARN__DUPLICATE_METHOD_MATCH = YES;
				"CODE_SIGN_IDENTITY[sdk=iphoneos*]" = "iPhone Developer";
				COPY_PHASE_STRIP = NO;
				DEBUG_INFORMATION_FORMAT = "dwarf-with-dsym";
				ENABLE_NS_ASSERTIONS = NO;
				ENABLE_STRICT_OBJC_MSGSEND = YES;
				GCC_C_LANGUAGE_STANDARD = gnu99;
				GCC_NO_COMMON_BLOCKS = YES;
				GCC_WARN_64_TO_32_BIT_CONVERSION = YES;
				GCC_WARN_ABOUT_RETURN_TYPE = YES_ERROR;
				GCC_WARN_UNDECLARED_SELECTOR = YES;
				GCC_WARN_UNINITIALIZED_AUTOS = YES_AGGRESSIVE;
				GCC_WARN_UNUSED_FUNCTION = YES;
				GCC_WARN_UNUSED_VARIABLE = YES;
				IPHONEOS_DEPLOYMENT_TARGET = 10.0;
				MTL_ENABLE_DEBUG_INFO = NO;
				SDKROOT = iphoneos;
				SWIFT_OPTIMIZATION_LEVEL = "-Owholemodule";
				VALIDATE_PRODUCT = YES;
			};
			name = Release;
		};
		652793021DAC1291006BC707 /* Debug */ = {
			isa = XCBuildConfiguration;
			buildSettings = {
				ASSETCATALOG_COMPILER_APPICON_NAME = AppIcon;
				DEVELOPMENT_TEAM = QPX29C6Z92;
				INFOPLIST_FILE = Timelines/Info.plist;
				LD_RUNPATH_SEARCH_PATHS = "$(inherited) @executable_path/Frameworks";
				PRODUCT_BUNDLE_IDENTIFIER = com.rsampdev.Timelines;
				PRODUCT_NAME = "$(TARGET_NAME)";
				SWIFT_VERSION = 3.0;
			};
			name = Debug;
		};
		652793031DAC1291006BC707 /* Release */ = {
			isa = XCBuildConfiguration;
			buildSettings = {
				ASSETCATALOG_COMPILER_APPICON_NAME = AppIcon;
				DEVELOPMENT_TEAM = QPX29C6Z92;
				INFOPLIST_FILE = Timelines/Info.plist;
				LD_RUNPATH_SEARCH_PATHS = "$(inherited) @executable_path/Frameworks";
				PRODUCT_BUNDLE_IDENTIFIER = com.rsampdev.Timelines;
				PRODUCT_NAME = "$(TARGET_NAME)";
				SWIFT_VERSION = 3.0;
			};
			name = Release;
		};
		652793051DAC1291006BC707 /* Debug */ = {
			isa = XCBuildConfiguration;
			buildSettings = {
				ALWAYS_EMBED_SWIFT_STANDARD_LIBRARIES = YES;
				BUNDLE_LOADER = "$(TEST_HOST)";
				DEVELOPMENT_TEAM = 3YHJ3C68N2;
				INFOPLIST_FILE = TimelinesTests/Info.plist;
				LD_RUNPATH_SEARCH_PATHS = "$(inherited) @executable_path/Frameworks @loader_path/Frameworks";
				PRODUCT_BUNDLE_IDENTIFIER = com.arcore.TimelinesTests;
				PRODUCT_NAME = "$(TARGET_NAME)";
				SWIFT_VERSION = 3.0;
				TEST_HOST = "$(BUILT_PRODUCTS_DIR)/Timelines.app/Timelines";
			};
			name = Debug;
		};
		652793061DAC1291006BC707 /* Release */ = {
			isa = XCBuildConfiguration;
			buildSettings = {
				ALWAYS_EMBED_SWIFT_STANDARD_LIBRARIES = YES;
				BUNDLE_LOADER = "$(TEST_HOST)";
				DEVELOPMENT_TEAM = 3YHJ3C68N2;
				INFOPLIST_FILE = TimelinesTests/Info.plist;
				LD_RUNPATH_SEARCH_PATHS = "$(inherited) @executable_path/Frameworks @loader_path/Frameworks";
				PRODUCT_BUNDLE_IDENTIFIER = com.arcore.TimelinesTests;
				PRODUCT_NAME = "$(TARGET_NAME)";
				SWIFT_VERSION = 3.0;
				TEST_HOST = "$(BUILT_PRODUCTS_DIR)/Timelines.app/Timelines";
			};
			name = Release;
		};
		652793081DAC1291006BC707 /* Debug */ = {
			isa = XCBuildConfiguration;
			buildSettings = {
				ALWAYS_EMBED_SWIFT_STANDARD_LIBRARIES = YES;
				DEVELOPMENT_TEAM = 3YHJ3C68N2;
				INFOPLIST_FILE = TimelinesUITests/Info.plist;
				LD_RUNPATH_SEARCH_PATHS = "$(inherited) @executable_path/Frameworks @loader_path/Frameworks";
				PRODUCT_BUNDLE_IDENTIFIER = com.arcore.TimelinesUITests;
				PRODUCT_NAME = "$(TARGET_NAME)";
				SWIFT_VERSION = 3.0;
				TEST_TARGET_NAME = Timelines;
			};
			name = Debug;
		};
		652793091DAC1291006BC707 /* Release */ = {
			isa = XCBuildConfiguration;
			buildSettings = {
				ALWAYS_EMBED_SWIFT_STANDARD_LIBRARIES = YES;
				DEVELOPMENT_TEAM = 3YHJ3C68N2;
				INFOPLIST_FILE = TimelinesUITests/Info.plist;
				LD_RUNPATH_SEARCH_PATHS = "$(inherited) @executable_path/Frameworks @loader_path/Frameworks";
				PRODUCT_BUNDLE_IDENTIFIER = com.arcore.TimelinesUITests;
				PRODUCT_NAME = "$(TARGET_NAME)";
				SWIFT_VERSION = 3.0;
				TEST_TARGET_NAME = Timelines;
			};
			name = Release;
		};
/* End XCBuildConfiguration section */

/* Begin XCConfigurationList section */
		652792D41DAC1291006BC707 /* Build configuration list for PBXProject "Timelines" */ = {
			isa = XCConfigurationList;
			buildConfigurations = (
				652792FF1DAC1291006BC707 /* Debug */,
				652793001DAC1291006BC707 /* Release */,
			);
			defaultConfigurationIsVisible = 0;
			defaultConfigurationName = Release;
		};
		652793011DAC1291006BC707 /* Build configuration list for PBXNativeTarget "Timelines" */ = {
			isa = XCConfigurationList;
			buildConfigurations = (
				652793021DAC1291006BC707 /* Debug */,
				652793031DAC1291006BC707 /* Release */,
			);
			defaultConfigurationIsVisible = 0;
			defaultConfigurationName = Release;
		};
		652793041DAC1291006BC707 /* Build configuration list for PBXNativeTarget "TimelinesTests" */ = {
			isa = XCConfigurationList;
			buildConfigurations = (
				652793051DAC1291006BC707 /* Debug */,
				652793061DAC1291006BC707 /* Release */,
			);
			defaultConfigurationIsVisible = 0;
			defaultConfigurationName = Release;
		};
		652793071DAC1291006BC707 /* Build configuration list for PBXNativeTarget "TimelinesUITests" */ = {
			isa = XCConfigurationList;
			buildConfigurations = (
				652793081DAC1291006BC707 /* Debug */,
				652793091DAC1291006BC707 /* Release */,
			);
			defaultConfigurationIsVisible = 0;
			defaultConfigurationName = Release;
		};
/* End XCConfigurationList section */
	};
	rootObject = 652792D11DAC1291006BC707 /* Project object */;
}
